
Microsoft Visual Studio Solution File, Format Version 12.00
# Visual Studio Version 17
VisualStudioVersion = 17.0.31423.177
MinimumVisualStudioVersion = 10.0.40219.1
Project("{FAE04EC0-301F-11D3-BF4B-00C04F79EFBC}") = "Proje5.39_AdamAsmacaOyunu", "Proje5.39_AdamAsmacaOyunu.csproj", "{F10AFE8F-35B8-41D4-BCA9-783880B3AEC5}"
EndProject
Global
	GlobalSection(SolutionConfigurationPlatforms) = preSolution
		Debug|Any CPU = Debug|Any CPU
		Release|Any CPU = Release|Any CPU
	EndGlobalSection
	GlobalSection(ProjectConfigurationPlatforms) = postSolution
		{F10AFE8F-35B8-41D4-BCA9-783880B3AEC5}.Debug|Any CPU.ActiveCfg = Debug|Any CPU
		{F10AFE8F-35B8-41D4-BCA9-783880B3AEC5}.Debug|Any CPU.Build.0 = Debug|Any CPU
		{F10AFE8F-35B8-41D4-BCA9-783880B3AEC5}.Release|Any CPU.ActiveCfg = Release|Any CPU
		{F10AFE8F-35B8-41D4-BCA9-783880B3AEC5}.Release|Any CPU.Build.0 = Release|Any CPU
	EndGlobalSection
	GlobalSection(SolutionProperties) = preSolution
		HideSolutionNode = FALSE
	EndGlobalSection
	GlobalSection(ExtensibilityGlobals) = postSolution
		SolutionGuid = {2E8282BD-EA7B-45C8-96CF-A0C91A283363}
	EndGlobalSection
EndGlobal
